
Microsoft Visual Studio Solution File, Format Version 12.00
# Visual Studio Version 16
VisualStudioVersion = 16.0.29709.97
MinimumVisualStudioVersion = 10.0.40219.1
Project("{FAE04EC0-301F-11D3-BF4B-00C04F79EFBC}") = "BuscaCep", "BuscaCep.csproj", "{51064C36-660B-4596-8C1D-ED0D9874ADC9}"
EndProject
Global
	GlobalSection(SolutionConfigurationPlatforms) = preSolution
		Debug|Any CPU = Debug|Any CPU
		Release|Any CPU = Release|Any CPU
	EndGlobalSection
	GlobalSection(ProjectConfigurationPlatforms) = postSolution
		{51064C36-660B-4596-8C1D-ED0D9874ADC9}.Debug|Any CPU.ActiveCfg = Debug|Any CPU
		{51064C36-660B-4596-8C1D-ED0D9874ADC9}.Debug|Any CPU.Build.0 = Debug|Any CPU
		{51064C36-660B-4596-8C1D-ED0D9874ADC9}.Release|Any CPU.ActiveCfg = Release|Any CPU
		{51064C36-660B-4596-8C1D-ED0D9874ADC9}.Release|Any CPU.Build.0 = Release|Any CPU
	EndGlobalSection
	GlobalSection(SolutionProperties) = preSolution
		HideSolutionNode = FALSE
	EndGlobalSection
	GlobalSection(ExtensibilityGlobals) = postSolution
		SolutionGuid = {91F67F4D-3C39-4D00-815D-CC3175CF97D4}
	EndGlobalSection
EndGlobal
